{
  "name": "charity-shield-worker",
  "version": "1.0.0",
  "lockfileVersion": 3,
  "requires": true,
  "packages": {
    "": {
      "name": "charity-shield-worker",
      "version": "1.0.0",
      "license": "ISC",
      "dependencies": {
        "whoiser": "^2.0.0-beta.10"
      }
    },
    "node_modules/punycode-esm": {
      "version": "1.0.15",
      "resolved": "https://registry.npmjs.org/punycode-esm/-/punycode-esm-1.0.15.tgz",
      "integrity": "sha512-pR7pzaunGU4g3v3vMIXD9WnrGUiEBs2ezcVYr9piTC/HVem9F+MJ+JNdSeYD9pK7EumLMUMO9F3Gsa3RS+o7pA==",
      "license": "MIT",
      "engines": {
        "node": ">=20"
      }
    },
    "node_modules/whoiser": {
      "version": "2.0.0-beta.10",
      "resolved": "https://registry.npmjs.org/whoiser/-/whoiser-2.0.0-beta.10.tgz",
      "integrity": "sha512-Y1uyLNR6zQnKj/mZPYtofs6u/9ZAnBzAuiTgU1aEMKjlnknrQdLyOKv9ErmIeF2mySMjGFj0tCam+DpxotBXHw==",
      "license": "MIT",
      "dependencies": {
        "punycode-esm": "^1.0.15"
      }
    }
  }
}
